
Microsoft Visual Studio Solution File, Format Version 12.00
# Visual Studio 15
VisualStudioVersion = 15.0.28307.572
MinimumVisualStudioVersion = 10.0.40219.1
Project("{FAE04EC0-301F-11D3-BF4B-00C04F79EFBC}") = "Fibcode2", "Fibcode2\Fibcode2.csproj", "{5CD095DD-F337-464C-A839-6FCD9C120314}"
EndProject
Global
	GlobalSection(SolutionConfigurationPlatforms) = preSolution
		Debug|Any CPU = Debug|Any CPU
		Release|Any CPU = Release|Any CPU
	EndGlobalSection
	GlobalSection(ProjectConfigurationPlatforms) = postSolution
		{5CD095DD-F337-464C-A839-6FCD9C120314}.Debug|Any CPU.ActiveCfg = Debug|Any CPU
		{5CD095DD-F337-464C-A839-6FCD9C120314}.Debug|Any CPU.Build.0 = Debug|Any CPU
		{5CD095DD-F337-464C-A839-6FCD9C120314}.Release|Any CPU.ActiveCfg = Release|Any CPU
		{5CD095DD-F337-464C-A839-6FCD9C120314}.Release|Any CPU.Build.0 = Release|Any CPU
	EndGlobalSection
	GlobalSection(SolutionProperties) = preSolution
		HideSolutionNode = FALSE
	EndGlobalSection
	GlobalSection(ExtensibilityGlobals) = postSolution
		SolutionGuid = {2F1DBBC0-8DD4-46F6-B578-9ECC50A68206}
	EndGlobalSection
EndGlobal
